
Microsoft Visual Studio Solution File, Format Version 12.00
# Visual Studio Version 16
VisualStudioVersion = 16.0.31624.102
MinimumVisualStudioVersion = 10.0.40219.1
Project("{FAE04EC0-301F-11D3-BF4B-00C04F79EFBC}") = "Versenyzők", "Versenyzők\Versenyzők.csproj", "{67ED9CFD-CBB8-4451-AE10-94167556B50B}"
EndProject
Global
	GlobalSection(SolutionConfigurationPlatforms) = preSolution
		Debug|Any CPU = Debug|Any CPU
		Release|Any CPU = Release|Any CPU
	EndGlobalSection
	GlobalSection(ProjectConfigurationPlatforms) = postSolution
		{67ED9CFD-CBB8-4451-AE10-94167556B50B}.Debug|Any CPU.ActiveCfg = Debug|Any CPU
		{67ED9CFD-CBB8-4451-AE10-94167556B50B}.Debug|Any CPU.Build.0 = Debug|Any CPU
		{67ED9CFD-CBB8-4451-AE10-94167556B50B}.Release|Any CPU.ActiveCfg = Release|Any CPU
		{67ED9CFD-CBB8-4451-AE10-94167556B50B}.Release|Any CPU.Build.0 = Release|Any CPU
	EndGlobalSection
	GlobalSection(SolutionProperties) = preSolution
		HideSolutionNode = FALSE
	EndGlobalSection
	GlobalSection(ExtensibilityGlobals) = postSolution
		SolutionGuid = {BC2CD37B-7DE5-4A8F-AE5E-186DF7F01333}
	EndGlobalSection
EndGlobal
